// !$*UTF8*$!
{
	archiveVersion = 1;
	classes = {
	};
	objectVersion = 46;
	objects = {

/* Begin PBXBuildFile section */
		1F01D3E31B22713400D4B156 /* AppDelegate.swift in Sources */ = {isa = PBXBuildFile; fileRef = 1F01D3E21B22713400D4B156 /* AppDelegate.swift */; };
		1F01D3EA1B22713400D4B156 /* Main.storyboard in Resources */ = {isa = PBXBuildFile; fileRef = 1F01D3E81B22713400D4B156 /* Main.storyboard */; };
		1F01D3EC1B22713400D4B156 /* Images.xcassets in Resources */ = {isa = PBXBuildFile; fileRef = 1F01D3EB1B22713400D4B156 /* Images.xcassets */; };
		1F01D3EF1B22713400D4B156 /* LaunchScreen.xib in Resources */ = {isa = PBXBuildFile; fileRef = 1F01D3ED1B22713400D4B156 /* LaunchScreen.xib */; };
		1F01D3FB1B22713400D4B156 /* PublicArtTests.swift in Sources */ = {isa = PBXBuildFile; fileRef = 1F01D3FA1B22713400D4B156 /* PublicArtTests.swift */; };
		1F01D4061B22745A00D4B156 /* HomeCollectionViewController.swift in Sources */ = {isa = PBXBuildFile; fileRef = 1F01D4051B22745A00D4B156 /* HomeCollectionViewController.swift */; };
		1F01D4081B22747A00D4B156 /* ExploreCollectionViewController.swift in Sources */ = {isa = PBXBuildFile; fileRef = 1F01D4071B22747A00D4B156 /* ExploreCollectionViewController.swift */; };
		1F01D4101B227B2000D4B156 /* HomeCollectionViewCell.swift in Sources */ = {isa = PBXBuildFile; fileRef = 1F01D40E1B227B2000D4B156 /* HomeCollectionViewCell.swift */; };
		1F01D4111B227B2000D4B156 /* HomeCollectionViewCell.xib in Resources */ = {isa = PBXBuildFile; fileRef = 1F01D40F1B227B2000D4B156 /* HomeCollectionViewCell.xib */; };
		1F01D4131B228A1900D4B156 /* ContentViewController.swift in Sources */ = {isa = PBXBuildFile; fileRef = 1F01D4121B228A1900D4B156 /* ContentViewController.swift */; };
		1F8915F41B229A1000E83891 /* HomeSplitViewController.swift in Sources */ = {isa = PBXBuildFile; fileRef = 1F8915F31B229A1000E83891 /* HomeSplitViewController.swift */; };
		1F8915F71B229ED400E83891 /* MenuModel.swift in Sources */ = {isa = PBXBuildFile; fileRef = 1F8915F61B229ED400E83891 /* MenuModel.swift */; };
/* End PBXBuildFile section */

/* Begin PBXContainerItemProxy section */
		1F01D3F51B22713400D4B156 /* PBXContainerItemProxy */ = {
			isa = PBXContainerItemProxy;
			containerPortal = 1F01D3D51B22713300D4B156 /* Project object */;
			proxyType = 1;
			remoteGlobalIDString = 1F01D3DC1B22713400D4B156;
			remoteInfo = PublicArt;
		};
/* End PBXContainerItemProxy section */

/* Begin PBXFileReference section */
		1F01D3DD1B22713400D4B156 /* PublicArt.app */ = {isa = PBXFileReference; explicitFileType = wrapper.application; includeInIndex = 0; path = PublicArt.app; sourceTree = BUILT_PRODUCTS_DIR; };
		1F01D3E11B22713400D4B156 /* Info.plist */ = {isa = PBXFileReference; lastKnownFileType = text.plist.xml; path = Info.plist; sourceTree = "<group>"; };
		1F01D3E21B22713400D4B156 /* AppDelegate.swift */ = {isa = PBXFileReference; lastKnownFileType = sourcecode.swift; path = AppDelegate.swift; sourceTree = "<group>"; };
		1F01D3E91B22713400D4B156 /* Base */ = {isa = PBXFileReference; lastKnownFileType = file.storyboard; name = Base; path = Base.lproj/Main.storyboard; sourceTree = "<group>"; };
		1F01D3EB1B22713400D4B156 /* Images.xcassets */ = {isa = PBXFileReference; lastKnownFileType = folder.assetcatalog; path = Images.xcassets; sourceTree = "<group>"; };
		1F01D3EE1B22713400D4B156 /* Base */ = {isa = PBXFileReference; lastKnownFileType = file.xib; name = Base; path = Base.lproj/LaunchScreen.xib; sourceTree = "<group>"; };
		1F01D3F41B22713400D4B156 /* PublicArtTests.xctest */ = {isa = PBXFileReference; explicitFileType = wrapper.cfbundle; includeInIndex = 0; path = PublicArtTests.xctest; sourceTree = BUILT_PRODUCTS_DIR; };
		1F01D3F91B22713400D4B156 /* Info.plist */ = {isa = PBXFileReference; lastKnownFileType = text.plist.xml; path = Info.plist; sourceTree = "<group>"; };
		1F01D3FA1B22713400D4B156 /* PublicArtTests.swift */ = {isa = PBXFileReference; lastKnownFileType = sourcecode.swift; path = PublicArtTests.swift; sourceTree = "<group>"; };
		1F01D4051B22745A00D4B156 /* HomeCollectionViewController.swift */ = {isa = PBXFileReference; fileEncoding = 4; lastKnownFileType = sourcecode.swift; name = HomeCollectionViewController.swift; path = ViewControllers/HomeCollectionViewController.swift; sourceTree = "<group>"; };
		1F01D4071B22747A00D4B156 /* ExploreCollectionViewController.swift */ = {isa = PBXFileReference; fileEncoding = 4; lastKnownFileType = sourcecode.swift; name = ExploreCollectionViewController.swift; path = ViewControllers/ExploreCollectionViewController.swift; sourceTree = "<group>"; };
		1F01D40E1B227B2000D4B156 /* HomeCollectionViewCell.swift */ = {isa = PBXFileReference; fileEncoding = 4; lastKnownFileType = sourcecode.swift; name = HomeCollectionViewCell.swift; path = Views/HomeCollectionViewCell.swift; sourceTree = "<group>"; };
		1F01D40F1B227B2000D4B156 /* HomeCollectionViewCell.xib */ = {isa = PBXFileReference; fileEncoding = 4; lastKnownFileType = file.xib; name = HomeCollectionViewCell.xib; path = Views/HomeCollectionViewCell.xib; sourceTree = "<group>"; };
		1F01D4121B228A1900D4B156 /* ContentViewController.swift */ = {isa = PBXFileReference; fileEncoding = 4; lastKnownFileType = sourcecode.swift; name = ContentViewController.swift; path = ViewControllers/ContentViewController.swift; sourceTree = "<group>"; };
		1F8915F31B229A1000E83891 /* HomeSplitViewController.swift */ = {isa = PBXFileReference; fileEncoding = 4; lastKnownFileType = sourcecode.swift; name = HomeSplitViewController.swift; path = ViewControllers/HomeSplitViewController.swift; sourceTree = "<group>"; };
		1F8915F61B229ED400E83891 /* MenuModel.swift */ = {isa = PBXFileReference; fileEncoding = 4; lastKnownFileType = sourcecode.swift; name = MenuModel.swift; path = Models/MenuModel.swift; sourceTree = "<group>"; };
/* End PBXFileReference section */

/* Begin PBXFrameworksBuildPhase section */
		1F01D3DA1B22713400D4B156 /* Frameworks */ = {
			isa = PBXFrameworksBuildPhase;
			buildActionMask = 2147483647;
			files = (
			);
			runOnlyForDeploymentPostprocessing = 0;
		};
		1F01D3F11B22713400D4B156 /* Frameworks */ = {
			isa = PBXFrameworksBuildPhase;
			buildActionMask = 2147483647;
			files = (
			);
			runOnlyForDeploymentPostprocessing = 0;
		};
/* End PBXFrameworksBuildPhase section */

/* Begin PBXGroup section */
		1F01D3D41B22713300D4B156 = {
			isa = PBXGroup;
			children = (
				1F01D3DF1B22713400D4B156 /* PublicArt */,
				1F01D3F71B22713400D4B156 /* PublicArtTests */,
				1F01D3DE1B22713400D4B156 /* Products */,
			);
			sourceTree = "<group>";
		};
		1F01D3DE1B22713400D4B156 /* Products */ = {
			isa = PBXGroup;
			children = (
				1F01D3DD1B22713400D4B156 /* PublicArt.app */,
				1F01D3F41B22713400D4B156 /* PublicArtTests.xctest */,
			);
			name = Products;
			sourceTree = "<group>";
		};
		1F01D3DF1B22713400D4B156 /* PublicArt */ = {
			isa = PBXGroup;
			children = (
				1F8915F51B229E3000E83891 /* Models */,
				1F01D4091B22783700D4B156 /* Views */,
				1F01D4041B22742800D4B156 /* ViewControllers */,
				1F01D3E21B22713400D4B156 /* AppDelegate.swift */,
				1F01D3E81B22713400D4B156 /* Main.storyboard */,
				1F01D3EB1B22713400D4B156 /* Images.xcassets */,
				1F01D3ED1B22713400D4B156 /* LaunchScreen.xib */,
				1F01D3E01B22713400D4B156 /* Supporting Files */,
			);
			path = PublicArt;
			sourceTree = "<group>";
		};
		1F01D3E01B22713400D4B156 /* Supporting Files */ = {
			isa = PBXGroup;
			children = (
				1F01D3E11B22713400D4B156 /* Info.plist */,
			);
			name = "Supporting Files";
			sourceTree = "<group>";
		};
		1F01D3F71B22713400D4B156 /* PublicArtTests */ = {
			isa = PBXGroup;
			children = (
				1F01D3FA1B22713400D4B156 /* PublicArtTests.swift */,
				1F01D3F81B22713400D4B156 /* Supporting Files */,
			);
			path = PublicArtTests;
			sourceTree = "<group>";
		};
		1F01D3F81B22713400D4B156 /* Supporting Files */ = {
			isa = PBXGroup;
			children = (
				1F01D3F91B22713400D4B156 /* Info.plist */,
			);
			name = "Supporting Files";
			sourceTree = "<group>";
		};
		1F01D4041B22742800D4B156 /* ViewControllers */ = {
			isa = PBXGroup;
			children = (
				1F01D4051B22745A00D4B156 /* HomeCollectionViewController.swift */,
				1F8915F31B229A1000E83891 /* HomeSplitViewController.swift */,
				1F01D4071B22747A00D4B156 /* ExploreCollectionViewController.swift */,
				1F01D4121B228A1900D4B156 /* ContentViewController.swift */,
			);
			name = ViewControllers;
			sourceTree = "<group>";
		};
		1F01D4091B22783700D4B156 /* Views */ = {
			isa = PBXGroup;
			children = (
				1F01D40E1B227B2000D4B156 /* HomeCollectionViewCell.swift */,
				1F01D40F1B227B2000D4B156 /* HomeCollectionViewCell.xib */,
			);
			name = Views;
			sourceTree = "<group>";
		};
		1F8915F51B229E3000E83891 /* Models */ = {
			isa = PBXGroup;
			children = (
				1F8915F61B229ED400E83891 /* MenuModel.swift */,
			);
			name = Models;
			sourceTree = "<group>";
		};
/* End PBXGroup section */

/* Begin PBXNativeTarget section */
		1F01D3DC1B22713400D4B156 /* PublicArt */ = {
			isa = PBXNativeTarget;
			buildConfigurationList = 1F01D3FE1B22713400D4B156 /* Build configuration list for PBXNativeTarget "PublicArt" */;
			buildPhases = (
				1F01D3D91B22713400D4B156 /* Sources */,
				1F01D3DA1B22713400D4B156 /* Frameworks */,
				1F01D3DB1B22713400D4B156 /* Resources */,
			);
			buildRules = (
			);
			dependencies = (
			);
			name = PublicArt;
			productName = PublicArt;
			productReference = 1F01D3DD1B22713400D4B156 /* PublicArt.app */;
			productType = "com.apple.product-type.application";
		};
		1F01D3F31B22713400D4B156 /* PublicArtTests */ = {
			isa = PBXNativeTarget;
			buildConfigurationList = 1F01D4011B22713400D4B156 /* Build configuration list for PBXNativeTarget "PublicArtTests" */;
			buildPhases = (
				1F01D3F01B22713400D4B156 /* Sources */,
				1F01D3F11B22713400D4B156 /* Frameworks */,
				1F01D3F21B22713400D4B156 /* Resources */,
			);
			buildRules = (
			);
			dependencies = (
				1F01D3F61B22713400D4B156 /* PBXTargetDependency */,
			);
			name = PublicArtTests;
			productName = PublicArtTests;
			productReference = 1F01D3F41B22713400D4B156 /* PublicArtTests.xctest */;
			productType = "com.apple.product-type.bundle.unit-test";
		};
/* End PBXNativeTarget section */

/* Begin PBXProject section */
		1F01D3D51B22713300D4B156 /* Project object */ = {
			isa = PBXProject;
			attributes = {
				LastUpgradeCheck = 0630;
				ORGANIZATIONNAME = makinney;
				TargetAttributes = {
					1F01D3DC1B22713400D4B156 = {
						CreatedOnToolsVersion = 6.3.2;
					};
					1F01D3F31B22713400D4B156 = {
						CreatedOnToolsVersion = 6.3.2;
						TestTargetID = 1F01D3DC1B22713400D4B156;
					};
				};
			};
			buildConfigurationList = 1F01D3D81B22713300D4B156 /* Build configuration list for PBXProject "PublicArt" */;
			compatibilityVersion = "Xcode 3.2";
			developmentRegion = English;
			hasScannedForEncodings = 0;
			knownRegions = (
				en,
				Base,
			);
			mainGroup = 1F01D3D41B22713300D4B156;
			productRefGroup = 1F01D3DE1B22713400D4B156 /* Products */;
			projectDirPath = "";
			projectRoot = "";
			targets = (
				1F01D3DC1B22713400D4B156 /* PublicArt */,
				1F01D3F31B22713400D4B156 /* PublicArtTests */,
			);
		};
/* End PBXProject section */

/* Begin PBXResourcesBuildPhase section */
		1F01D3DB1B22713400D4B156 /* Resources */ = {
			isa = PBXResourcesBuildPhase;
			buildActionMask = 2147483647;
			files = (
				1F01D3EA1B22713400D4B156 /* Main.storyboard in Resources */,
				1F01D3EF1B22713400D4B156 /* LaunchScreen.xib in Resources */,
				1F01D3EC1B22713400D4B156 /* Images.xcassets in Resources */,
				1F01D4111B227B2000D4B156 /* HomeCollectionViewCell.xib in Resources */,
			);
			runOnlyForDeploymentPostprocessing = 0;
		};
		1F01D3F21B22713400D4B156 /* Resources */ = {
			isa = PBXResourcesBuildPhase;
			buildActionMask = 2147483647;
			files = (
			);
			runOnlyForDeploymentPostprocessing = 0;
		};
/* End PBXResourcesBuildPhase section */

/* Begin PBXSourcesBuildPhase section */
		1F01D3D91B22713400D4B156 /* Sources */ = {
			isa = PBXSourcesBuildPhase;
			buildActionMask = 2147483647;
			files = (
				1F01D4131B228A1900D4B156 /* ContentViewController.swift in Sources */,
				1F01D3E31B22713400D4B156 /* AppDelegate.swift in Sources */,
				1F01D4061B22745A00D4B156 /* HomeCollectionViewController.swift in Sources */,
				1F8915F71B229ED400E83891 /* MenuModel.swift in Sources */,
				1F01D4081B22747A00D4B156 /* ExploreCollectionViewController.swift in Sources */,
				1F8915F41B229A1000E83891 /* HomeSplitViewController.swift in Sources */,
				1F01D4101B227B2000D4B156 /* HomeCollectionViewCell.swift in Sources */,
			);
			runOnlyForDeploymentPostprocessing = 0;
		};
		1F01D3F01B22713400D4B156 /* Sources */ = {
			isa = PBXSourcesBuildPhase;
			buildActionMask = 2147483647;
			files = (
				1F01D3FB1B22713400D4B156 /* PublicArtTests.swift in Sources */,
			);
			runOnlyForDeploymentPostprocessing = 0;
		};
/* End PBXSourcesBuildPhase section */

/* Begin PBXTargetDependency section */
		1F01D3F61B22713400D4B156 /* PBXTargetDependency */ = {
			isa = PBXTargetDependency;
			target = 1F01D3DC1B22713400D4B156 /* PublicArt */;
			targetProxy = 1F01D3F51B22713400D4B156 /* PBXContainerItemProxy */;
		};
/* End PBXTargetDependency section */

/* Begin PBXVariantGroup section */
		1F01D3E81B22713400D4B156 /* Main.storyboard */ = {
			isa = PBXVariantGroup;
			children = (
				1F01D3E91B22713400D4B156 /* Base */,
			);
			name = Main.storyboard;
			sourceTree = "<group>";
		};
		1F01D3ED1B22713400D4B156 /* LaunchScreen.xib */ = {
			isa = PBXVariantGroup;
			children = (
				1F01D3EE1B22713400D4B156 /* Base */,
			);
			name = LaunchScreen.xib;
			sourceTree = "<group>";
		};
/* End PBXVariantGroup section */

/* Begin XCBuildConfiguration section */
		1F01D3FC1B22713400D4B156 /* Debug */ = {
			isa = XCBuildConfiguration;
			buildSettings = {
				ALWAYS_SEARCH_USER_PATHS = NO;
				CLANG_CXX_LANGUAGE_STANDARD = "gnu++0x";
				CLANG_CXX_LIBRARY = "libc++";
				CLANG_ENABLE_MODULES = YES;
				CLANG_ENABLE_OBJC_ARC = YES;
				CLANG_WARN_BOOL_CONVERSION = YES;
				CLANG_WARN_CONSTANT_CONVERSION = YES;
				CLANG_WARN_DIRECT_OBJC_ISA_USAGE = YES_ERROR;
				CLANG_WARN_EMPTY_BODY = YES;
				CLANG_WARN_ENUM_CONVERSION = YES;
				CLANG_WARN_INT_CONVERSION = YES;
				CLANG_WARN_OBJC_ROOT_CLASS = YES_ERROR;
				CLANG_WARN_UNREACHABLE_CODE = YES;
				CLANG_WARN__DUPLICATE_METHOD_MATCH = YES;
				"CODE_SIGN_IDENTITY[sdk=iphoneos*]" = "iPhone Developer";
				COPY_PHASE_STRIP = NO;
				DEBUG_INFORMATION_FORMAT = "dwarf-with-dsym";
				ENABLE_STRICT_OBJC_MSGSEND = YES;
				GCC_C_LANGUAGE_STANDARD = gnu99;
				GCC_DYNAMIC_NO_PIC = NO;
				GCC_NO_COMMON_BLOCKS = YES;
				GCC_OPTIMIZATION_LEVEL = 0;
				GCC_PREPROCESSOR_DEFINITIONS = (
					"DEBUG=1",
					"$(inherited)",
				);
				GCC_SYMBOLS_PRIVATE_EXTERN = NO;
				GCC_WARN_64_TO_32_BIT_CONVERSION = YES;
				GCC_WARN_ABOUT_RETURN_TYPE = YES_ERROR;
				GCC_WARN_UNDECLARED_SELECTOR = YES;
				GCC_WARN_UNINITIALIZED_AUTOS = YES_AGGRESSIVE;
				GCC_WARN_UNUSED_FUNCTION = YES;
				GCC_WARN_UNUSED_VARIABLE = YES;
				IPHONEOS_DEPLOYMENT_TARGET = 8.3;
				MTL_ENABLE_DEBUG_INFO = YES;
				ONLY_ACTIVE_ARCH = YES;
				SDKROOT = iphoneos;
				SWIFT_OPTIMIZATION_LEVEL = "-Onone";
				TARGETED_DEVICE_FAMILY = "1,2";
			};
			name = Debug;
		};
		1F01D3FD1B22713400D4B156 /* Release */ = {
			isa = XCBuildConfiguration;
			buildSettings = {
				ALWAYS_SEARCH_USER_PATHS = NO;
				CLANG_CXX_LANGUAGE_STANDARD = "gnu++0x";
				CLANG_CXX_LIBRARY = "libc++";
				CLANG_ENABLE_MODULES = YES;
				CLANG_ENABLE_OBJC_ARC = YES;
				CLANG_WARN_BOOL_CONVERSION = YES;
				CLANG_WARN_CONSTANT_CONVERSION = YES;
				CLANG_WARN_DIRECT_OBJC_ISA_USAGE = YES_ERROR;
				CLANG_WARN_EMPTY_BODY = YES;
				CLANG_WARN_ENUM_CONVERSION = YES;
				CLANG_WARN_INT_CONVERSION = YES;
				CLANG_WARN_OBJC_ROOT_CLASS = YES_ERROR;
				CLANG_WARN_UNREACHABLE_CODE = YES;
				CLANG_WARN__DUPLICATE_METHOD_MATCH = YES;
				"CODE_SIGN_IDENTITY[sdk=iphoneos*]" = "iPhone Developer";
				COPY_PHASE_STRIP = NO;
				DEBUG_INFORMATION_FORMAT = "dwarf-with-dsym";
				ENABLE_NS_ASSERTIONS = NO;
				ENABLE_STRICT_OBJC_MSGSEND = YES;
				GCC_C_LANGUAGE_STANDARD = gnu99;
				GCC_NO_COMMON_BLOCKS = YES;
				GCC_WARN_64_TO_32_BIT_CONVERSION = YES;
				GCC_WARN_ABOUT_RETURN_TYPE = YES_ERROR;
				GCC_WARN_UNDECLARED_SELECTOR = YES;
				GCC_WARN_UNINITIALIZED_AUTOS = YES_AGGRESSIVE;
				GCC_WARN_UNUSED_FUNCTION = YES;
				GCC_WARN_UNUSED_VARIABLE = YES;
				IPHONEOS_DEPLOYMENT_TARGET = 8.3;
				MTL_ENABLE_DEBUG_INFO = NO;
				SDKROOT = iphoneos;
				TARGETED_DEVICE_FAMILY = "1,2";
				VALIDATE_PRODUCT = YES;
			};
			name = Release;
		};
		1F01D3FF1B22713400D4B156 /* Debug */ = {
			isa = XCBuildConfiguration;
			buildSettings = {
				ASSETCATALOG_COMPILER_APPICON_NAME = AppIcon;
				INFOPLIST_FILE = PublicArt/Info.plist;
				LD_RUNPATH_SEARCH_PATHS = "$(inherited) @executable_path/Frameworks";
				PRODUCT_NAME = "$(TARGET_NAME)";
			};
			name = Debug;
		};
		1F01D4001B22713400D4B156 /* Release */ = {
			isa = XCBuildConfiguration;
			buildSettings = {
				ASSETCATALOG_COMPILER_APPICON_NAME = AppIcon;
				INFOPLIST_FILE = PublicArt/Info.plist;
				LD_RUNPATH_SEARCH_PATHS = "$(inherited) @executable_path/Frameworks";
				PRODUCT_NAME = "$(TARGET_NAME)";
			};
			name = Release;
		};
		1F01D4021B22713400D4B156 /* Debug */ = {
			isa = XCBuildConfiguration;
			buildSettings = {
				BUNDLE_LOADER = "$(TEST_HOST)";
				FRAMEWORK_SEARCH_PATHS = (
					"$(SDKROOT)/Developer/Library/Frameworks",
					"$(inherited)",
				);
				GCC_PREPROCESSOR_DEFINITIONS = (
					"DEBUG=1",
					"$(inherited)",
				);
				INFOPLIST_FILE = PublicArtTests/Info.plist;
				LD_RUNPATH_SEARCH_PATHS = "$(inherited) @executable_path/Frameworks @loader_path/Frameworks";
				PRODUCT_NAME = "$(TARGET_NAME)";
				TEST_HOST = "$(BUILT_PRODUCTS_DIR)/PublicArt.app/PublicArt";
			};
			name = Debug;
		};
		1F01D4031B22713400D4B156 /* Release */ = {
			isa = XCBuildConfiguration;
			buildSettings = {
				BUNDLE_LOADER = "$(TEST_HOST)";
				FRAMEWORK_SEARCH_PATHS = (
					"$(SDKROOT)/Developer/Library/Frameworks",
					"$(inherited)",
				);
				INFOPLIST_FILE = PublicArtTests/Info.plist;
				LD_RUNPATH_SEARCH_PATHS = "$(inherited) @executable_path/Frameworks @loader_path/Frameworks";
				PRODUCT_NAME = "$(TARGET_NAME)";
				TEST_HOST = "$(BUILT_PRODUCTS_DIR)/PublicArt.app/PublicArt";
			};
			name = Release;
		};
/* End XCBuildConfiguration section */

/* Begin XCConfigurationList section */
		1F01D3D81B22713300D4B156 /* Build configuration list for PBXProject "PublicArt" */ = {
			isa = XCConfigurationList;
			buildConfigurations = (
				1F01D3FC1B22713400D4B156 /* Debug */,
				1F01D3FD1B22713400D4B156 /* Release */,
			);
			defaultConfigurationIsVisible = 0;
			defaultConfigurationName = Release;
		};
		1F01D3FE1B22713400D4B156 /* Build configuration list for PBXNativeTarget "PublicArt" */ = {
			isa = XCConfigurationList;
			buildConfigurations = (
				1F01D3FF1B22713400D4B156 /* Debug */,
				1F01D4001B22713400D4B156 /* Release */,
			);
			defaultConfigurationIsVisible = 0;
			defaultConfigurationName = Release;
		};
		1F01D4011B22713400D4B156 /* Build configuration list for PBXNativeTarget "PublicArtTests" */ = {
			isa = XCConfigurationList;
			buildConfigurations = (
				1F01D4021B22713400D4B156 /* Debug */,
				1F01D4031B22713400D4B156 /* Release */,
			);
			defaultConfigurationIsVisible = 0;
			defaultConfigurationName = Release;
		};
/* End XCConfigurationList section */
	};
	rootObject = 1F01D3D51B22713300D4B156 /* Project object */;
}
